
Microsoft Visual Studio Solution File, Format Version 12.00
# Visual Studio Version 17
VisualStudioVersion = 17.2.32630.192
MinimumVisualStudioVersion = 10.0.40219.1
Project("{2150E333-8FDC-42A3-9474-1A3956D46DE8}") = "CreationalPatterns", "CreationalPatterns", "{B6110096-2472-4DC2-AFF0-4F027E4986AC}"
EndProject
Project("{2150E333-8FDC-42A3-9474-1A3956D46DE8}") = "BehavourialPatterns", "BehavourialPatterns", "{E2B1BE75-A962-40C3-BA06-B024242B0EA2}"
EndProject
Project("{2150E333-8FDC-42A3-9474-1A3956D46DE8}") = "StructuralPatterns", "StructuralPatterns", "{3DED337A-6509-4BBF-AB00-DBE1966DF1E5}"
EndProject
Project("{2150E333-8FDC-42A3-9474-1A3956D46DE8}") = "FactoryMethod", "FactoryMethod", "{4CFFD574-ACC5-4CCE-91D4-9DD72103FA77}"
EndProject
Project("{2150E333-8FDC-42A3-9474-1A3956D46DE8}") = "AbstractFactory", "AbstractFactory", "{2C8447CC-9E73-4211-8D75-AFFAB18164AB}"
EndProject
Project("{2150E333-8FDC-42A3-9474-1A3956D46DE8}") = "BuilderPattern", "BuilderPattern", "{D98D9A3E-015A-46AC-BAA6-AE37D1719AAE}"
EndProject
Project("{2150E333-8FDC-42A3-9474-1A3956D46DE8}") = "SingletonPattern", "SingletonPattern", "{E8446079-2F7D-4EBD-8FD1-4F4F88203597}"
EndProject
Project("{2150E333-8FDC-42A3-9474-1A3956D46DE8}") = "PrototypePattern", "PrototypePattern", "{A36B1028-FB0A-4296-9037-498F8DD4A14D}"
EndProject
Project("{2150E333-8FDC-42A3-9474-1A3956D46DE8}") = "Adapter", "Adapter", "{172EF496-4001-4709-8700-CCEF0A95270D}"
EndProject
Project("{2150E333-8FDC-42A3-9474-1A3956D46DE8}") = "Bridge", "Bridge", "{3E5CBB87-18A6-4AF7-90E8-F66B001F653A}"
EndProject
Project("{2150E333-8FDC-42A3-9474-1A3956D46DE8}") = "Composite", "Composite", "{F6288C36-84C4-435F-80AB-0A0C7C43DA84}"
EndProject
Project("{2150E333-8FDC-42A3-9474-1A3956D46DE8}") = "Decorator", "Decorator", "{4CEC8091-1235-4B45-8859-B5C8BDDD9506}"
EndProject
Project("{2150E333-8FDC-42A3-9474-1A3956D46DE8}") = "Facade", "Facade", "{4E8C2D69-C7E9-46EA-8B57-E1ADCB34502A}"
EndProject
Project("{2150E333-8FDC-42A3-9474-1A3956D46DE8}") = "Flyweight", "Flyweight", "{2CD21E99-51AD-4008-A8B1-31016C6D31DF}"
EndProject
Project("{2150E333-8FDC-42A3-9474-1A3956D46DE8}") = "Proxy", "Proxy", "{24738A75-1C71-4B43-AB1C-B2140E547465}"
EndProject
Project("{2150E333-8FDC-42A3-9474-1A3956D46DE8}") = "ChainOfResponsibility", "ChainOfResponsibility", "{CD201E36-DB1A-4B11-93E4-74119CC29A5A}"
EndProject
Project("{2150E333-8FDC-42A3-9474-1A3956D46DE8}") = "Command", "Command", "{2A626D81-1D98-45AA-B997-F425117ACEA0}"
EndProject
Project("{2150E333-8FDC-42A3-9474-1A3956D46DE8}") = "Iterator", "Iterator", "{1D90E113-A1F0-4548-A4CA-EA837ABA2820}"
EndProject
Project("{2150E333-8FDC-42A3-9474-1A3956D46DE8}") = "Mediator", "Mediator", "{BC75645F-E9F9-4D44-94E5-86D3D3B039B2}"
EndProject
Project("{2150E333-8FDC-42A3-9474-1A3956D46DE8}") = "Memento", "Memento", "{C8730656-CDD0-4110-8064-4F07BAA93A92}"
EndProject
Project("{2150E333-8FDC-42A3-9474-1A3956D46DE8}") = "Observer", "Observer", "{F6B5B7A3-46C2-4251-A27D-45E3DE702698}"
EndProject
Project("{2150E333-8FDC-42A3-9474-1A3956D46DE8}") = "State", "State", "{FA7860ED-2DBB-499A-97E2-93D655EBEAE9}"
EndProject
Project("{2150E333-8FDC-42A3-9474-1A3956D46DE8}") = "Strategy", "Strategy", "{334C56FB-CDB5-457B-873E-C2A4AFC3F90A}"
EndProject
Project("{2150E333-8FDC-42A3-9474-1A3956D46DE8}") = "TemplateMethod", "TemplateMethod", "{08821229-85D2-431A-8274-256C08997CC6}"
EndProject
Project("{2150E333-8FDC-42A3-9474-1A3956D46DE8}") = "Visitor", "Visitor", "{E1782736-5F9A-46CB-9337-81A1D1C014AC}"
EndProject
Project("{9A19103F-16F7-4668-BE54-9A1E7A4F7556}") = "FactoryEx", "FactoryEx\FactoryEx.csproj", "{771D9156-6F35-459A-A743-380E7852E98D}"
EndProject
Project("{9A19103F-16F7-4668-BE54-9A1E7A4F7556}") = "AbstractEx", "AbstractEx\AbstractEx.csproj", "{3F3FE66F-B735-43FF-917F-92B334E1292A}"
EndProject
Project("{FAE04EC0-301F-11D3-BF4B-00C04F79EFBC}") = "BuilderEx", "BuilderEx\BuilderEx.csproj", "{19AF1C5F-A27E-42DE-B251-94D4E503DD40}"
EndProject
Project("{FAE04EC0-301F-11D3-BF4B-00C04F79EFBC}") = "PrototypeEx", "PrototypeEx\PrototypeEx.csproj", "{B84A8260-ECFE-42F5-B5E0-F6A73B02302B}"
EndProject
Global
	GlobalSection(SolutionConfigurationPlatforms) = preSolution
		Debug|Any CPU = Debug|Any CPU
		Release|Any CPU = Release|Any CPU
	EndGlobalSection
	GlobalSection(ProjectConfigurationPlatforms) = postSolution
		{771D9156-6F35-459A-A743-380E7852E98D}.Debug|Any CPU.ActiveCfg = Debug|Any CPU
		{771D9156-6F35-459A-A743-380E7852E98D}.Debug|Any CPU.Build.0 = Debug|Any CPU
		{771D9156-6F35-459A-A743-380E7852E98D}.Release|Any CPU.ActiveCfg = Release|Any CPU
		{771D9156-6F35-459A-A743-380E7852E98D}.Release|Any CPU.Build.0 = Release|Any CPU
		{3F3FE66F-B735-43FF-917F-92B334E1292A}.Debug|Any CPU.ActiveCfg = Debug|Any CPU
		{3F3FE66F-B735-43FF-917F-92B334E1292A}.Debug|Any CPU.Build.0 = Debug|Any CPU
		{3F3FE66F-B735-43FF-917F-92B334E1292A}.Release|Any CPU.ActiveCfg = Release|Any CPU
		{3F3FE66F-B735-43FF-917F-92B334E1292A}.Release|Any CPU.Build.0 = Release|Any CPU
		{19AF1C5F-A27E-42DE-B251-94D4E503DD40}.Debug|Any CPU.ActiveCfg = Debug|Any CPU
		{19AF1C5F-A27E-42DE-B251-94D4E503DD40}.Debug|Any CPU.Build.0 = Debug|Any CPU
		{19AF1C5F-A27E-42DE-B251-94D4E503DD40}.Release|Any CPU.ActiveCfg = Release|Any CPU
		{19AF1C5F-A27E-42DE-B251-94D4E503DD40}.Release|Any CPU.Build.0 = Release|Any CPU
		{B84A8260-ECFE-42F5-B5E0-F6A73B02302B}.Debug|Any CPU.ActiveCfg = Debug|Any CPU
		{B84A8260-ECFE-42F5-B5E0-F6A73B02302B}.Debug|Any CPU.Build.0 = Debug|Any CPU
		{B84A8260-ECFE-42F5-B5E0-F6A73B02302B}.Release|Any CPU.ActiveCfg = Release|Any CPU
		{B84A8260-ECFE-42F5-B5E0-F6A73B02302B}.Release|Any CPU.Build.0 = Release|Any CPU
	EndGlobalSection
	GlobalSection(SolutionProperties) = preSolution
		HideSolutionNode = FALSE
	EndGlobalSection
	GlobalSection(NestedProjects) = preSolution
		{4CFFD574-ACC5-4CCE-91D4-9DD72103FA77} = {B6110096-2472-4DC2-AFF0-4F027E4986AC}
		{2C8447CC-9E73-4211-8D75-AFFAB18164AB} = {B6110096-2472-4DC2-AFF0-4F027E4986AC}
		{D98D9A3E-015A-46AC-BAA6-AE37D1719AAE} = {B6110096-2472-4DC2-AFF0-4F027E4986AC}
		{E8446079-2F7D-4EBD-8FD1-4F4F88203597} = {B6110096-2472-4DC2-AFF0-4F027E4986AC}
		{A36B1028-FB0A-4296-9037-498F8DD4A14D} = {B6110096-2472-4DC2-AFF0-4F027E4986AC}
		{172EF496-4001-4709-8700-CCEF0A95270D} = {3DED337A-6509-4BBF-AB00-DBE1966DF1E5}
		{3E5CBB87-18A6-4AF7-90E8-F66B001F653A} = {3DED337A-6509-4BBF-AB00-DBE1966DF1E5}
		{F6288C36-84C4-435F-80AB-0A0C7C43DA84} = {3DED337A-6509-4BBF-AB00-DBE1966DF1E5}
		{4CEC8091-1235-4B45-8859-B5C8BDDD9506} = {3DED337A-6509-4BBF-AB00-DBE1966DF1E5}
		{4E8C2D69-C7E9-46EA-8B57-E1ADCB34502A} = {3DED337A-6509-4BBF-AB00-DBE1966DF1E5}
		{2CD21E99-51AD-4008-A8B1-31016C6D31DF} = {3DED337A-6509-4BBF-AB00-DBE1966DF1E5}
		{24738A75-1C71-4B43-AB1C-B2140E547465} = {3DED337A-6509-4BBF-AB00-DBE1966DF1E5}
		{CD201E36-DB1A-4B11-93E4-74119CC29A5A} = {E2B1BE75-A962-40C3-BA06-B024242B0EA2}
		{2A626D81-1D98-45AA-B997-F425117ACEA0} = {E2B1BE75-A962-40C3-BA06-B024242B0EA2}
		{1D90E113-A1F0-4548-A4CA-EA837ABA2820} = {E2B1BE75-A962-40C3-BA06-B024242B0EA2}
		{BC75645F-E9F9-4D44-94E5-86D3D3B039B2} = {E2B1BE75-A962-40C3-BA06-B024242B0EA2}
		{C8730656-CDD0-4110-8064-4F07BAA93A92} = {E2B1BE75-A962-40C3-BA06-B024242B0EA2}
		{F6B5B7A3-46C2-4251-A27D-45E3DE702698} = {E2B1BE75-A962-40C3-BA06-B024242B0EA2}
		{FA7860ED-2DBB-499A-97E2-93D655EBEAE9} = {E2B1BE75-A962-40C3-BA06-B024242B0EA2}
		{334C56FB-CDB5-457B-873E-C2A4AFC3F90A} = {E2B1BE75-A962-40C3-BA06-B024242B0EA2}
		{08821229-85D2-431A-8274-256C08997CC6} = {E2B1BE75-A962-40C3-BA06-B024242B0EA2}
		{E1782736-5F9A-46CB-9337-81A1D1C014AC} = {E2B1BE75-A962-40C3-BA06-B024242B0EA2}
		{771D9156-6F35-459A-A743-380E7852E98D} = {4CFFD574-ACC5-4CCE-91D4-9DD72103FA77}
		{3F3FE66F-B735-43FF-917F-92B334E1292A} = {2C8447CC-9E73-4211-8D75-AFFAB18164AB}
		{19AF1C5F-A27E-42DE-B251-94D4E503DD40} = {D98D9A3E-015A-46AC-BAA6-AE37D1719AAE}
		{B84A8260-ECFE-42F5-B5E0-F6A73B02302B} = {A36B1028-FB0A-4296-9037-498F8DD4A14D}
	EndGlobalSection
	GlobalSection(ExtensibilityGlobals) = postSolution
		SolutionGuid = {0867AC9B-1A43-4E3B-AC80-1F75B68BAF10}
	EndGlobalSection
EndGlobal
