
Microsoft Visual Studio Solution File, Format Version 12.00
# Visual Studio Version 17
VisualStudioVersion = 17.5.33502.453
MinimumVisualStudioVersion = 10.0.40219.1
Project("{FAE04EC0-301F-11D3-BF4B-00C04F79EFBC}") = "AdapterEg", "AdapterEg.csproj", "{1322AD06-CF7C-4503-BD24-6E9BC7DF7D77}"
EndProject
Global
	GlobalSection(SolutionConfigurationPlatforms) = preSolution
		Debug|Any CPU = Debug|Any CPU
		Release|Any CPU = Release|Any CPU
	EndGlobalSection
	GlobalSection(ProjectConfigurationPlatforms) = postSolution
		{1322AD06-CF7C-4503-BD24-6E9BC7DF7D77}.Debug|Any CPU.ActiveCfg = Debug|Any CPU
		{1322AD06-CF7C-4503-BD24-6E9BC7DF7D77}.Debug|Any CPU.Build.0 = Debug|Any CPU
		{1322AD06-CF7C-4503-BD24-6E9BC7DF7D77}.Release|Any CPU.ActiveCfg = Release|Any CPU
		{1322AD06-CF7C-4503-BD24-6E9BC7DF7D77}.Release|Any CPU.Build.0 = Release|Any CPU
	EndGlobalSection
	GlobalSection(SolutionProperties) = preSolution
		HideSolutionNode = FALSE
	EndGlobalSection
	GlobalSection(ExtensibilityGlobals) = postSolution
		SolutionGuid = {0EEE5191-2422-4475-943D-29907CCBF87A}
	EndGlobalSection
EndGlobal
