
Microsoft Visual Studio Solution File, Format Version 12.00
# Visual Studio Version 17
VisualStudioVersion = 17.5.33502.453
MinimumVisualStudioVersion = 10.0.40219.1
Project("{FAE04EC0-301F-11D3-BF4B-00C04F79EFBC}") = "BridgeEg", "BridgeEg.csproj", "{3A86FA14-4B73-442C-8EA9-BF9A096681DB}"
EndProject
Global
	GlobalSection(SolutionConfigurationPlatforms) = preSolution
		Debug|Any CPU = Debug|Any CPU
		Release|Any CPU = Release|Any CPU
	EndGlobalSection
	GlobalSection(ProjectConfigurationPlatforms) = postSolution
		{3A86FA14-4B73-442C-8EA9-BF9A096681DB}.Debug|Any CPU.ActiveCfg = Debug|Any CPU
		{3A86FA14-4B73-442C-8EA9-BF9A096681DB}.Debug|Any CPU.Build.0 = Debug|Any CPU
		{3A86FA14-4B73-442C-8EA9-BF9A096681DB}.Release|Any CPU.ActiveCfg = Release|Any CPU
		{3A86FA14-4B73-442C-8EA9-BF9A096681DB}.Release|Any CPU.Build.0 = Release|Any CPU
	EndGlobalSection
	GlobalSection(SolutionProperties) = preSolution
		HideSolutionNode = FALSE
	EndGlobalSection
	GlobalSection(ExtensibilityGlobals) = postSolution
		SolutionGuid = {C04594E1-6677-4581-A189-6F2A0A86A9AD}
	EndGlobalSection
EndGlobal
